
Microsoft Visual Studio Solution File, Format Version 12.00
# Visual Studio Version 17
VisualStudioVersion = 17.12.35506.116
MinimumVisualStudioVersion = 10.0.40219.1
Project("{FAE04EC0-301F-11D3-BF4B-00C04F79EFBC}") = "Cental.EntityLayer", "Cental.EntityLayer\Cental.EntityLayer.csproj", "{47CA5F7C-02EA-4CA5-BC03-179D7C6082F9}"
EndProject
Project("{FAE04EC0-301F-11D3-BF4B-00C04F79EFBC}") = "Cental.DataAccessLayer", "Cental.DataAccessLayer\Cental.DataAccessLayer.csproj", "{5510EAAF-7C4C-4D67-92BD-FE41C12AF7B3}"
EndProject
Project("{FAE04EC0-301F-11D3-BF4B-00C04F79EFBC}") = "Cental.BusinessLayer", "Cental.BusinessLayer\Cental.BusinessLayer.csproj", "{E11FF495-F40D-4C70-B120-29D41FBA39CE}"
EndProject
Project("{FAE04EC0-301F-11D3-BF4B-00C04F79EFBC}") = "Cental.DtoLayer", "Cental.DtoLayer\Cental.DtoLayer.csproj", "{70042D4A-E530-4B02-BE76-6B5F90B956F3}"
EndProject
Project("{FAE04EC0-301F-11D3-BF4B-00C04F79EFBC}") = "Cental.WebUI", "Cental.WebUI\Cental.WebUI.csproj", "{FAEC3955-B76A-470B-A83E-7FBC5809E4DE}"
EndProject
Global
	GlobalSection(SolutionConfigurationPlatforms) = preSolution
		Debug|Any CPU = Debug|Any CPU
		Release|Any CPU = Release|Any CPU
	EndGlobalSection
	GlobalSection(ProjectConfigurationPlatforms) = postSolution
		{47CA5F7C-02EA-4CA5-BC03-179D7C6082F9}.Debug|Any CPU.ActiveCfg = Debug|Any CPU
		{47CA5F7C-02EA-4CA5-BC03-179D7C6082F9}.Debug|Any CPU.Build.0 = Debug|Any CPU
		{47CA5F7C-02EA-4CA5-BC03-179D7C6082F9}.Release|Any CPU.ActiveCfg = Release|Any CPU
		{47CA5F7C-02EA-4CA5-BC03-179D7C6082F9}.Release|Any CPU.Build.0 = Release|Any CPU
		{5510EAAF-7C4C-4D67-92BD-FE41C12AF7B3}.Debug|Any CPU.ActiveCfg = Debug|Any CPU
		{5510EAAF-7C4C-4D67-92BD-FE41C12AF7B3}.Debug|Any CPU.Build.0 = Debug|Any CPU
		{5510EAAF-7C4C-4D67-92BD-FE41C12AF7B3}.Release|Any CPU.ActiveCfg = Release|Any CPU
		{5510EAAF-7C4C-4D67-92BD-FE41C12AF7B3}.Release|Any CPU.Build.0 = Release|Any CPU
		{E11FF495-F40D-4C70-B120-29D41FBA39CE}.Debug|Any CPU.ActiveCfg = Debug|Any CPU
		{E11FF495-F40D-4C70-B120-29D41FBA39CE}.Debug|Any CPU.Build.0 = Debug|Any CPU
		{E11FF495-F40D-4C70-B120-29D41FBA39CE}.Release|Any CPU.ActiveCfg = Release|Any CPU
		{E11FF495-F40D-4C70-B120-29D41FBA39CE}.Release|Any CPU.Build.0 = Release|Any CPU
		{70042D4A-E530-4B02-BE76-6B5F90B956F3}.Debug|Any CPU.ActiveCfg = Debug|Any CPU
		{70042D4A-E530-4B02-BE76-6B5F90B956F3}.Debug|Any CPU.Build.0 = Debug|Any CPU
		{70042D4A-E530-4B02-BE76-6B5F90B956F3}.Release|Any CPU.ActiveCfg = Release|Any CPU
		{70042D4A-E530-4B02-BE76-6B5F90B956F3}.Release|Any CPU.Build.0 = Release|Any CPU
		{FAEC3955-B76A-470B-A83E-7FBC5809E4DE}.Debug|Any CPU.ActiveCfg = Debug|Any CPU
		{FAEC3955-B76A-470B-A83E-7FBC5809E4DE}.Debug|Any CPU.Build.0 = Debug|Any CPU
		{FAEC3955-B76A-470B-A83E-7FBC5809E4DE}.Release|Any CPU.ActiveCfg = Release|Any CPU
		{FAEC3955-B76A-470B-A83E-7FBC5809E4DE}.Release|Any CPU.Build.0 = Release|Any CPU
	EndGlobalSection
	GlobalSection(SolutionProperties) = preSolution
		HideSolutionNode = FALSE
	EndGlobalSection
EndGlobal
